
Microsoft Visual Studio Solution File, Format Version 12.00
# Visual Studio 15
VisualStudioVersion = 15.0.26430.16
MinimumVisualStudioVersion = 10.0.40219.1
Project("{8BC9CEB8-8B4A-11D0-8D11-00A0C91BC942}") = "1000", "1000\1000.vcxproj", "{087B0F00-E8BA-4B90-B1DB-41D4F319BABD}"
EndProject
Project("{8BC9CEB8-8B4A-11D0-8D11-00A0C91BC942}") = "1039", "1039\1039.vcxproj", "{F99FCB2A-C79B-4F30-B99C-A76935DDCA2F}"
EndProject
Project("{8BC9CEB8-8B4A-11D0-8D11-00A0C91BC942}") = "1051", "1051\1051.vcxproj", "{D867D06C-9C71-42D4-96A4-33F94FC0D1E7}"
EndProject
Project("{8BC9CEB8-8B4A-11D0-8D11-00A0C91BC942}") = "1082", "1082\1082.vcxproj", "{9788F7EA-3183-4A8B-8E91-A1A7778E310C}"
EndProject
Project("{8BC9CEB8-8B4A-11D0-8D11-00A0C91BC942}") = "1094", "1094\1094.vcxproj", "{E471F4FC-B58B-424A-A9CF-6C2AC703A467}"
EndProject
Global
	GlobalSection(SolutionConfigurationPlatforms) = preSolution
		Debug|x64 = Debug|x64
		Debug|x86 = Debug|x86
		Release|x64 = Release|x64
		Release|x86 = Release|x86
	EndGlobalSection
	GlobalSection(ProjectConfigurationPlatforms) = postSolution
		{087B0F00-E8BA-4B90-B1DB-41D4F319BABD}.Debug|x64.ActiveCfg = Debug|x64
		{087B0F00-E8BA-4B90-B1DB-41D4F319BABD}.Debug|x64.Build.0 = Debug|x64
		{087B0F00-E8BA-4B90-B1DB-41D4F319BABD}.Debug|x86.ActiveCfg = Debug|Win32
		{087B0F00-E8BA-4B90-B1DB-41D4F319BABD}.Debug|x86.Build.0 = Debug|Win32
		{087B0F00-E8BA-4B90-B1DB-41D4F319BABD}.Release|x64.ActiveCfg = Release|x64
		{087B0F00-E8BA-4B90-B1DB-41D4F319BABD}.Release|x64.Build.0 = Release|x64
		{087B0F00-E8BA-4B90-B1DB-41D4F319BABD}.Release|x86.ActiveCfg = Release|Win32
		{087B0F00-E8BA-4B90-B1DB-41D4F319BABD}.Release|x86.Build.0 = Release|Win32
		{F99FCB2A-C79B-4F30-B99C-A76935DDCA2F}.Debug|x64.ActiveCfg = Debug|x64
		{F99FCB2A-C79B-4F30-B99C-A76935DDCA2F}.Debug|x64.Build.0 = Debug|x64
		{F99FCB2A-C79B-4F30-B99C-A76935DDCA2F}.Debug|x86.ActiveCfg = Debug|Win32
		{F99FCB2A-C79B-4F30-B99C-A76935DDCA2F}.Debug|x86.Build.0 = Debug|Win32
		{F99FCB2A-C79B-4F30-B99C-A76935DDCA2F}.Release|x64.ActiveCfg = Release|x64
		{F99FCB2A-C79B-4F30-B99C-A76935DDCA2F}.Release|x64.Build.0 = Release|x64
		{F99FCB2A-C79B-4F30-B99C-A76935DDCA2F}.Release|x86.ActiveCfg = Release|Win32
		{F99FCB2A-C79B-4F30-B99C-A76935DDCA2F}.Release|x86.Build.0 = Release|Win32
		{D867D06C-9C71-42D4-96A4-33F94FC0D1E7}.Debug|x64.ActiveCfg = Debug|x64
		{D867D06C-9C71-42D4-96A4-33F94FC0D1E7}.Debug|x64.Build.0 = Debug|x64
		{D867D06C-9C71-42D4-96A4-33F94FC0D1E7}.Debug|x86.ActiveCfg = Debug|Win32
		{D867D06C-9C71-42D4-96A4-33F94FC0D1E7}.Debug|x86.Build.0 = Debug|Win32
		{D867D06C-9C71-42D4-96A4-33F94FC0D1E7}.Release|x64.ActiveCfg = Release|x64
		{D867D06C-9C71-42D4-96A4-33F94FC0D1E7}.Release|x64.Build.0 = Release|x64
		{D867D06C-9C71-42D4-96A4-33F94FC0D1E7}.Release|x86.ActiveCfg = Release|Win32
		{D867D06C-9C71-42D4-96A4-33F94FC0D1E7}.Release|x86.Build.0 = Release|Win32
		{9788F7EA-3183-4A8B-8E91-A1A7778E310C}.Debug|x64.ActiveCfg = Debug|x64
		{9788F7EA-3183-4A8B-8E91-A1A7778E310C}.Debug|x64.Build.0 = Debug|x64
		{9788F7EA-3183-4A8B-8E91-A1A7778E310C}.Debug|x86.ActiveCfg = Debug|Win32
		{9788F7EA-3183-4A8B-8E91-A1A7778E310C}.Debug|x86.Build.0 = Debug|Win32
		{9788F7EA-3183-4A8B-8E91-A1A7778E310C}.Release|x64.ActiveCfg = Release|x64
		{9788F7EA-3183-4A8B-8E91-A1A7778E310C}.Release|x64.Build.0 = Release|x64
		{9788F7EA-3183-4A8B-8E91-A1A7778E310C}.Release|x86.ActiveCfg = Release|Win32
		{9788F7EA-3183-4A8B-8E91-A1A7778E310C}.Release|x86.Build.0 = Release|Win32
		{E471F4FC-B58B-424A-A9CF-6C2AC703A467}.Debug|x64.ActiveCfg = Debug|x64
		{E471F4FC-B58B-424A-A9CF-6C2AC703A467}.Debug|x64.Build.0 = Debug|x64
		{E471F4FC-B58B-424A-A9CF-6C2AC703A467}.Debug|x86.ActiveCfg = Debug|Win32
		{E471F4FC-B58B-424A-A9CF-6C2AC703A467}.Debug|x86.Build.0 = Debug|Win32
		{E471F4FC-B58B-424A-A9CF-6C2AC703A467}.Release|x64.ActiveCfg = Release|x64
		{E471F4FC-B58B-424A-A9CF-6C2AC703A467}.Release|x64.Build.0 = Release|x64
		{E471F4FC-B58B-424A-A9CF-6C2AC703A467}.Release|x86.ActiveCfg = Release|Win32
		{E471F4FC-B58B-424A-A9CF-6C2AC703A467}.Release|x86.Build.0 = Release|Win32
	EndGlobalSection
	GlobalSection(SolutionProperties) = preSolution
		HideSolutionNode = FALSE
	EndGlobalSection
EndGlobal
